PODS:
  - VTAcknowledgementsViewController (1.0)

DEPENDENCIES:
  - VTAcknowledgementsViewController (from `../`)

EXTERNAL SOURCES:
  VTAcknowledgementsViewController:
    :path: ../

SPEC CHECKSUMS:
  VTAcknowledgementsViewController: 15326e42485e31c23dbe8b4001696ab4a8ee775a

PODFILE CHECKSUM: 4ea5aa99fe3f6bb422650b54a46a30bc2a65cc36

COCOAPODS: 1.0.0
