PODS:
  - VTAcknowledgementsViewController (1.5)

DEPENDENCIES:
  - VTAcknowledgementsViewController (from `../`)

EXTERNAL SOURCES:
  VTAcknowledgementsViewController:
    :path: "../"

SPEC CHECKSUMS:
  VTAcknowledgementsViewController: 9bc9f81aa09bc574b22e10f01fd84f73918280c7

PODFILE CHECKSUM: 0827cee64ed62a8d582ff4d7f625e0aab80c1cb4

COCOAPODS: 1.5.3
