PODS:
  - VTAcknowledgementsViewController (1.5.3)

DEPENDENCIES:
  - VTAcknowledgementsViewController (from `../`)

EXTERNAL SOURCES:
  VTAcknowledgementsViewController:
    :path: "../"

SPEC CHECKSUMS:
  VTAcknowledgementsViewController: b725caf935c464adade4ebcfc85bcda9d56e888a

PODFILE CHECKSUM: d09e37a767608fcfe341b19ff98b9a014eba1edc

COCOAPODS: 1.10.0
