// !$*UTF8*$!
{
	archiveVersion = 1;
	classes = {
	};
	objectVersion = 46;
	objects = {

/* Begin PBXBuildFile section */
		146BC0EE1C11E98D008D3C23 /* VTAcknowledgementTests.m in Sources */ = {isa = PBXBuildFile; fileRef = 146BC0ED1C11E98C008D3C23 /* VTAcknowledgementTests.m */; };
		148FE7801C10483600228898 /* VTAcknowledgementsParserTests.m in Sources */ = {isa = PBXBuildFile; fileRef = 148FE77F1C10483600228898 /* VTAcknowledgementsParserTests.m */; };
		1F6CD01B1A9BB139002D28DC /* VTAcknowledgementViewControllerTests.m in Sources */ = {isa = PBXBuildFile; fileRef = 1F6CD01A1A9BB139002D28DC /* VTAcknowledgementViewControllerTests.m */; };
		1FDD9DA81A9A766D000BAFF0 /* Main.storyboard in Resources */ = {isa = PBXBuildFile; fileRef = 1FDD9DA51A9A766D000BAFF0 /* Main.storyboard */; };
		1FDD9DAD1A9A7674000BAFF0 /* AppDelegate.m in Sources */ = {isa = PBXBuildFile; fileRef = 1FDD9DAA1A9A7674000BAFF0 /* AppDelegate.m */; };
		1FDD9DAE1A9A7674000BAFF0 /* ViewController.m in Sources */ = {isa = PBXBuildFile; fileRef = 1FDD9DAC1A9A7674000BAFF0 /* ViewController.m */; };
		1FDD9DB01A9A767D000BAFF0 /* main.m in Sources */ = {isa = PBXBuildFile; fileRef = 1FDD9DAF1A9A767D000BAFF0 /* main.m */; };
		1FDD9DB81A9A7928000BAFF0 /* Images.xcassets in Resources */ = {isa = PBXBuildFile; fileRef = 1FDD9DB71A9A7928000BAFF0 /* Images.xcassets */; };
		1FDD9DBA1A9A7B9A000BAFF0 /* VTAcknowledgementsViewControllerTests.m in Sources */ = {isa = PBXBuildFile; fileRef = 1FDD9DB91A9A7B9A000BAFF0 /* VTAcknowledgementsViewControllerTests.m */; };
		1FDD9DBC1A9A7CEE000BAFF0 /* Pods-VTAck App-acknowledgements.plist in Resources */ = {isa = PBXBuildFile; fileRef = 1FDD9DBB1A9A7CEE000BAFF0 /* Pods-VTAck App-acknowledgements.plist */; };
		1FDD9DBE1A9A7D3F000BAFF0 /* Pods-acknowledgements.plist in Resources */ = {isa = PBXBuildFile; fileRef = 1FDD9DBD1A9A7D3F000BAFF0 /* Pods-acknowledgements.plist */; };
		7D33381C66840559EF19D079 /* libPods-VTAck TV App.a in Frameworks */ = {isa = PBXBuildFile; fileRef = 8417B7157DE967556F6EDA4A /* libPods-VTAck TV App.a */; };
		866152BE610C41C515A9AD7C /* libPods-VTAck Tests.a in Frameworks */ = {isa = PBXBuildFile; fileRef = 3943CA5413122C5F4F21B1EF /* libPods-VTAck Tests.a */; };
		CB8F4084F5CD4C6042866F19 /* libPods-VTAck App.a in Frameworks */ = {isa = PBXBuildFile; fileRef = CD9B9EB96C6CC53C6DC4AB43 /* libPods-VTAck App.a */; };
		D729067820D1092E00A2C188 /* LaunchScreen.storyboard in Resources */ = {isa = PBXBuildFile; fileRef = D729067620D1092E00A2C188 /* LaunchScreen.storyboard */; };
		D779DC451E5D88F6006D91C9 /* main.m in Sources */ = {isa = PBXBuildFile; fileRef = D779DC441E5D88F6006D91C9 /* main.m */; };
		D779DC481E5D88F6006D91C9 /* AppDelegate.m in Sources */ = {isa = PBXBuildFile; fileRef = D779DC471E5D88F6006D91C9 /* AppDelegate.m */; };
		D779DC4B1E5D88F6006D91C9 /* ViewController.m in Sources */ = {isa = PBXBuildFile; fileRef = D779DC4A1E5D88F6006D91C9 /* ViewController.m */; };
		D779DC4E1E5D88F6006D91C9 /* Main.storyboard in Resources */ = {isa = PBXBuildFile; fileRef = D779DC4C1E5D88F6006D91C9 /* Main.storyboard */; };
		D779DC501E5D88F6006D91C9 /* Assets.xcassets in Resources */ = {isa = PBXBuildFile; fileRef = D779DC4F1E5D88F6006D91C9 /* Assets.xcassets */; };
		D779DC551E5D89C0006D91C9 /* Pods-VTAck App-acknowledgements.plist in Resources */ = {isa = PBXBuildFile; fileRef = 1FDD9DBB1A9A7CEE000BAFF0 /* Pods-VTAck App-acknowledgements.plist */; };
		D7A2E4DB214909940010F801 /* Pods-acknowledgements-LineBreakFilterTesting.plist in Resources */ = {isa = PBXBuildFile; fileRef = D7A2E4DA214909940010F801 /* Pods-acknowledgements-LineBreakFilterTesting.plist */; };
		D7A2E4E221490A540010F801 /* LineBreakFilterTesting-GroundTruth-TYPFontAwesome.txt in Resources */ = {isa = PBXBuildFile; fileRef = D7A2E4DD21490A540010F801 /* LineBreakFilterTesting-GroundTruth-TYPFontAwesome.txt */; };
		D7A2E4E321490A540010F801 /* LineBreakFilterTesting-GroundTruth-Charts.txt in Resources */ = {isa = PBXBuildFile; fileRef = D7A2E4DE21490A540010F801 /* LineBreakFilterTesting-GroundTruth-Charts.txt */; };
		D7A2E4E421490A540010F801 /* LineBreakFilterTesting-GroundTruth-Alamofire.txt in Resources */ = {isa = PBXBuildFile; fileRef = D7A2E4DF21490A540010F801 /* LineBreakFilterTesting-GroundTruth-Alamofire.txt */; };
		D7A2E4E521490A540010F801 /* LineBreakFilterTesting-GroundTruth-pop.txt in Resources */ = {isa = PBXBuildFile; fileRef = D7A2E4E021490A540010F801 /* LineBreakFilterTesting-GroundTruth-pop.txt */; };
		D7A2E4E621490A540010F801 /* LineBreakFilterTesting-GroundTruth-TPKeyboardAvoiding.txt in Resources */ = {isa = PBXBuildFile; fileRef = D7A2E4E121490A540010F801 /* LineBreakFilterTesting-GroundTruth-TPKeyboardAvoiding.txt */; };
/* End PBXBuildFile section */

/* Begin PBXContainerItemProxy section */
		1FDD9D941A9A757B000BAFF0 /* PBXContainerItemProxy */ = {
			isa = PBXContainerItemProxy;
			containerPortal = 1FDD9D721A9A757A000BAFF0 /* Project object */;
			proxyType = 1;
			remoteGlobalIDString = 1FDD9D791A9A757A000BAFF0;
			remoteInfo = "VTAck Tests";
		};
/* End PBXContainerItemProxy section */

/* Begin PBXFileReference section */
		146BC0ED1C11E98C008D3C23 /* VTAcknowledgementTests.m */ = {isa = PBXFileReference; fileEncoding = 4; lastKnownFileType = sourcecode.c.objc; name = VTAcknowledgementTests.m; path = Tests/VTAcknowledgementTests.m; sourceTree = SOURCE_ROOT; };
		148FE77F1C10483600228898 /* VTAcknowledgementsParserTests.m */ = {isa = PBXFileReference; fileEncoding = 4; lastKnownFileType = sourcecode.c.objc; name = VTAcknowledgementsParserTests.m; path = Tests/VTAcknowledgementsParserTests.m; sourceTree = SOURCE_ROOT; };
		1BB90C392D46F6E768450F07 /* Pods-VTAck App.debug.xcconfig */ = {isa = PBXFileReference; includeInIndex = 1; lastKnownFileType = text.xcconfig; name = "Pods-VTAck App.debug.xcconfig"; path = "Pods/Target Support Files/Pods-VTAck App/Pods-VTAck App.debug.xcconfig"; sourceTree = "<group>"; };
		1F6CD01A1A9BB139002D28DC /* VTAcknowledgementViewControllerTests.m */ = {isa = PBXFileReference; fileEncoding = 4; lastKnownFileType = sourcecode.c.objc; name = VTAcknowledgementViewControllerTests.m; path = Tests/VTAcknowledgementViewControllerTests.m; sourceTree = SOURCE_ROOT; };
		1FDD9D7A1A9A757B000BAFF0 /* VTAck App.app */ = {isa = PBXFileReference; explicitFileType = wrapper.application; includeInIndex = 0; path = "VTAck App.app"; sourceTree = BUILT_PRODUCTS_DIR; };
		1FDD9D931A9A757B000BAFF0 /* VTAck Tests.xctest */ = {isa = PBXFileReference; explicitFileType = wrapper.cfbundle; includeInIndex = 0; path = "VTAck Tests.xctest"; sourceTree = BUILT_PRODUCTS_DIR; };
		1FDD9DA61A9A766D000BAFF0 /* Base */ = {isa = PBXFileReference; lastKnownFileType = file.storyboard; name = Base; path = "VTAck App/Base.lproj/Main.storyboard"; sourceTree = SOURCE_ROOT; };
		1FDD9DA91A9A7674000BAFF0 /* AppDelegate.h */ = {isa = PBXFileReference; fileEncoding = 4; lastKnownFileType = sourcecode.c.h; name = AppDelegate.h; path = "VTAck App/Classes/AppDelegate.h"; sourceTree = SOURCE_ROOT; };
		1FDD9DAA1A9A7674000BAFF0 /* AppDelegate.m */ = {isa = PBXFileReference; fileEncoding = 4; lastKnownFileType = sourcecode.c.objc; name = AppDelegate.m; path = "VTAck App/Classes/AppDelegate.m"; sourceTree = SOURCE_ROOT; };
		1FDD9DAB1A9A7674000BAFF0 /* ViewController.h */ = {isa = PBXFileReference; fileEncoding = 4; lastKnownFileType = sourcecode.c.h; name = ViewController.h; path = "VTAck App/Classes/ViewController.h"; sourceTree = SOURCE_ROOT; };
		1FDD9DAC1A9A7674000BAFF0 /* ViewController.m */ = {isa = PBXFileReference; fileEncoding = 4; lastKnownFileType = sourcecode.c.objc; name = ViewController.m; path = "VTAck App/Classes/ViewController.m"; sourceTree = SOURCE_ROOT; };
		1FDD9DAF1A9A767D000BAFF0 /* main.m */ = {isa = PBXFileReference; fileEncoding = 4; lastKnownFileType = sourcecode.c.objc; name = main.m; path = "VTAck App/main.m"; sourceTree = SOURCE_ROOT; };
		1FDD9DB11A9A76C4000BAFF0 /* Info.plist */ = {isa = PBXFileReference; fileEncoding = 4; lastKnownFileType = text.plist.xml; name = Info.plist; path = "VTAck App/Info.plist"; sourceTree = SOURCE_ROOT; };
		1FDD9DB31A9A76D1000BAFF0 /* Info.plist */ = {isa = PBXFileReference; fileEncoding = 4; lastKnownFileType = text.plist.xml; name = Info.plist; path = "VTAck Tests/Info.plist"; sourceTree = SOURCE_ROOT; };
		1FDD9DB71A9A7928000BAFF0 /* Images.xcassets */ = {isa = PBXFileReference; lastKnownFileType = folder.assetcatalog; name = Images.xcassets; path = "VTAck App/Images.xcassets"; sourceTree = SOURCE_ROOT; };
		1FDD9DB91A9A7B9A000BAFF0 /* VTAcknowledgementsViewControllerTests.m */ = {isa = PBXFileReference; fileEncoding = 4; lastKnownFileType = sourcecode.c.objc; name = VTAcknowledgementsViewControllerTests.m; path = Tests/VTAcknowledgementsViewControllerTests.m; sourceTree = SOURCE_ROOT; };
		1FDD9DBB1A9A7CEE000BAFF0 /* Pods-VTAck App-acknowledgements.plist */ = {isa = PBXFileReference; fileEncoding = 4; lastKnownFileType = text.plist.xml; name = "Pods-VTAck App-acknowledgements.plist"; path = "Pods/Target Support Files/Pods-VTAck App/Pods-VTAck App-acknowledgements.plist"; sourceTree = SOURCE_ROOT; };
		1FDD9DBD1A9A7D3F000BAFF0 /* Pods-acknowledgements.plist */ = {isa = PBXFileReference; fileEncoding = 4; lastKnownFileType = text.plist.xml; name = "Pods-acknowledgements.plist"; path = "Resources/Pods-acknowledgements.plist"; sourceTree = SOURCE_ROOT; };
		36F7D048A9F4B71701C7DE13 /* Pods-VTAck Tests.release.xcconfig */ = {isa = PBXFileReference; includeInIndex = 1; lastKnownFileType = text.xcconfig; name = "Pods-VTAck Tests.release.xcconfig"; path = "Pods/Target Support Files/Pods-VTAck Tests/Pods-VTAck Tests.release.xcconfig"; sourceTree = "<group>"; };
		3943CA5413122C5F4F21B1EF /* libPods-VTAck Tests.a */ = {isa = PBXFileReference; explicitFileType = archive.ar; includeInIndex = 0; path = "libPods-VTAck Tests.a"; sourceTree = BUILT_PRODUCTS_DIR; };
		8417B7157DE967556F6EDA4A /* libPods-VTAck TV App.a */ = {isa = PBXFileReference; explicitFileType = archive.ar; includeInIndex = 0; path = "libPods-VTAck TV App.a"; sourceTree = BUILT_PRODUCTS_DIR; };
		969B698AF5490D7F9D095AB0 /* Pods-VTAck App.release.xcconfig */ = {isa = PBXFileReference; includeInIndex = 1; lastKnownFileType = text.xcconfig; name = "Pods-VTAck App.release.xcconfig"; path = "Pods/Target Support Files/Pods-VTAck App/Pods-VTAck App.release.xcconfig"; sourceTree = "<group>"; };
		CD9B9EB96C6CC53C6DC4AB43 /* libPods-VTAck App.a */ = {isa = PBXFileReference; explicitFileType = archive.ar; includeInIndex = 0; path = "libPods-VTAck App.a"; sourceTree = BUILT_PRODUCTS_DIR; };
		D50855E43BB804DA4A56444E /* Pods-VTAck Tests.debug.xcconfig */ = {isa = PBXFileReference; includeInIndex = 1; lastKnownFileType = text.xcconfig; name = "Pods-VTAck Tests.debug.xcconfig"; path = "Pods/Target Support Files/Pods-VTAck Tests/Pods-VTAck Tests.debug.xcconfig"; sourceTree = "<group>"; };
		D729067720D1092E00A2C188 /* Base */ = {isa = PBXFileReference; lastKnownFileType = file.storyboard; name = Base; path = "VTAck App/Base.lproj/LaunchScreen.storyboard"; sourceTree = SOURCE_ROOT; };
		D779DC411E5D88F6006D91C9 /* VTAck TV App.app */ = {isa = PBXFileReference; explicitFileType = wrapper.application; includeInIndex = 0; path = "VTAck TV App.app"; sourceTree = BUILT_PRODUCTS_DIR; };
		D779DC441E5D88F6006D91C9 /* main.m */ = {isa = PBXFileReference; lastKnownFileType = sourcecode.c.objc; path = main.m; sourceTree = "<group>"; };
		D779DC461E5D88F6006D91C9 /* AppDelegate.h */ = {isa = PBXFileReference; lastKnownFileType = sourcecode.c.h; path = AppDelegate.h; sourceTree = "<group>"; };
		D779DC471E5D88F6006D91C9 /* AppDelegate.m */ = {isa = PBXFileReference; lastKnownFileType = sourcecode.c.objc; path = AppDelegate.m; sourceTree = "<group>"; };
		D779DC491E5D88F6006D91C9 /* ViewController.h */ = {isa = PBXFileReference; lastKnownFileType = sourcecode.c.h; path = ViewController.h; sourceTree = "<group>"; };
		D779DC4A1E5D88F6006D91C9 /* ViewController.m */ = {isa = PBXFileReference; lastKnownFileType = sourcecode.c.objc; path = ViewController.m; sourceTree = "<group>"; };
		D779DC4D1E5D88F6006D91C9 /* Base */ = {isa = PBXFileReference; lastKnownFileType = file.storyboard; name = Base; path = Base.lproj/Main.storyboard; sourceTree = "<group>"; };
		D779DC4F1E5D88F6006D91C9 /* Assets.xcassets */ = {isa = PBXFileReference; lastKnownFileType = folder.assetcatalog; path = Assets.xcassets; sourceTree = "<group>"; };
		D779DC511E5D88F6006D91C9 /* Info.plist */ = {isa = PBXFileReference; lastKnownFileType = text.plist.xml; path = Info.plist; sourceTree = "<group>"; };
		D7A2E4DA214909940010F801 /* Pods-acknowledgements-LineBreakFilterTesting.plist */ = {isa = PBXFileReference; fileEncoding = 4; lastKnownFileType = text.plist.xml; name = "Pods-acknowledgements-LineBreakFilterTesting.plist"; path = "VTAck Tests/Pods-acknowledgements-LineBreakFilterTesting.plist"; sourceTree = SOURCE_ROOT; };
		D7A2E4DD21490A540010F801 /* LineBreakFilterTesting-GroundTruth-TYPFontAwesome.txt */ = {isa = PBXFileReference; fileEncoding = 4; lastKnownFileType = text; path = "LineBreakFilterTesting-GroundTruth-TYPFontAwesome.txt"; sourceTree = "<group>"; };
		D7A2E4DE21490A540010F801 /* LineBreakFilterTesting-GroundTruth-Charts.txt */ = {isa = PBXFileReference; fileEncoding = 4; lastKnownFileType = text; path = "LineBreakFilterTesting-GroundTruth-Charts.txt"; sourceTree = "<group>"; };
		D7A2E4DF21490A540010F801 /* LineBreakFilterTesting-GroundTruth-Alamofire.txt */ = {isa = PBXFileReference; fileEncoding = 4; lastKnownFileType = text; path = "LineBreakFilterTesting-GroundTruth-Alamofire.txt"; sourceTree = "<group>"; };
		D7A2E4E021490A540010F801 /* LineBreakFilterTesting-GroundTruth-pop.txt */ = {isa = PBXFileReference; fileEncoding = 4; lastKnownFileType = text; path = "LineBreakFilterTesting-GroundTruth-pop.txt"; sourceTree = "<group>"; };
		D7A2E4E121490A540010F801 /* LineBreakFilterTesting-GroundTruth-TPKeyboardAvoiding.txt */ = {isa = PBXFileReference; fileEncoding = 4; lastKnownFileType = text; path = "LineBreakFilterTesting-GroundTruth-TPKeyboardAvoiding.txt"; sourceTree = "<group>"; };
		DAC74A064F3D61D20EDED115 /* Pods-VTAck TV App.release.xcconfig */ = {isa = PBXFileReference; includeInIndex = 1; lastKnownFileType = text.xcconfig; name = "Pods-VTAck TV App.release.xcconfig"; path = "Pods/Target Support Files/Pods-VTAck TV App/Pods-VTAck TV App.release.xcconfig"; sourceTree = "<group>"; };
		EA3DDFED8AE99F39E24A335F /* Pods-VTAck TV App.debug.xcconfig */ = {isa = PBXFileReference; includeInIndex = 1; lastKnownFileType = text.xcconfig; name = "Pods-VTAck TV App.debug.xcconfig"; path = "Pods/Target Support Files/Pods-VTAck TV App/Pods-VTAck TV App.debug.xcconfig"; sourceTree = "<group>"; };
/* End PBXFileReference section */

/* Begin PBXFrameworksBuildPhase section */
		1FDD9D771A9A757A000BAFF0 /* Frameworks */ = {
			isa = PBXFrameworksBuildPhase;
			buildActionMask = 2147483647;
			files = (
				CB8F4084F5CD4C6042866F19 /* libPods-VTAck App.a in Frameworks */,
			);
			runOnlyForDeploymentPostprocessing = 0;
		};
		1FDD9D901A9A757B000BAFF0 /* Frameworks */ = {
			isa = PBXFrameworksBuildPhase;
			buildActionMask = 2147483647;
			files = (
				866152BE610C41C515A9AD7C /* libPods-VTAck Tests.a in Frameworks */,
			);
			runOnlyForDeploymentPostprocessing = 0;
		};
		D779DC3E1E5D88F6006D91C9 /* Frameworks */ = {
			isa = PBXFrameworksBuildPhase;
			buildActionMask = 2147483647;
			files = (
				7D33381C66840559EF19D079 /* libPods-VTAck TV App.a in Frameworks */,
			);
			runOnlyForDeploymentPostprocessing = 0;
		};
/* End PBXFrameworksBuildPhase section */

/* Begin PBXGroup section */
		0B8DDF81E374B2207DF4C45A /* Pods */ = {
			isa = PBXGroup;
			children = (
				1BB90C392D46F6E768450F07 /* Pods-VTAck App.debug.xcconfig */,
				969B698AF5490D7F9D095AB0 /* Pods-VTAck App.release.xcconfig */,
				D50855E43BB804DA4A56444E /* Pods-VTAck Tests.debug.xcconfig */,
				36F7D048A9F4B71701C7DE13 /* Pods-VTAck Tests.release.xcconfig */,
				EA3DDFED8AE99F39E24A335F /* Pods-VTAck TV App.debug.xcconfig */,
				DAC74A064F3D61D20EDED115 /* Pods-VTAck TV App.release.xcconfig */,
			);
			name = Pods;
			sourceTree = "<group>";
		};
		1FDD9D711A9A757A000BAFF0 = {
			isa = PBXGroup;
			children = (
				1FDD9D7C1A9A757B000BAFF0 /* VTAck App */,
				1FDD9D961A9A757B000BAFF0 /* VTAck Tests */,
				D779DC421E5D88F6006D91C9 /* VTAck TV App */,
				1FDD9D7B1A9A757B000BAFF0 /* Products */,
				0B8DDF81E374B2207DF4C45A /* Pods */,
				6FB847954BFF52A38F97CDF6 /* Frameworks */,
			);
			sourceTree = "<group>";
		};
		1FDD9D7B1A9A757B000BAFF0 /* Products */ = {
			isa = PBXGroup;
			children = (
				1FDD9D7A1A9A757B000BAFF0 /* VTAck App.app */,
				1FDD9D931A9A757B000BAFF0 /* VTAck Tests.xctest */,
				D779DC411E5D88F6006D91C9 /* VTAck TV App.app */,
			);
			name = Products;
			sourceTree = "<group>";
		};
		1FDD9D7C1A9A757B000BAFF0 /* VTAck App */ = {
			isa = PBXGroup;
			children = (
				1FDD9DA91A9A7674000BAFF0 /* AppDelegate.h */,
				1FDD9DAA1A9A7674000BAFF0 /* AppDelegate.m */,
				1FDD9DAB1A9A7674000BAFF0 /* ViewController.h */,
				1FDD9DAC1A9A7674000BAFF0 /* ViewController.m */,
				1FDD9DA51A9A766D000BAFF0 /* Main.storyboard */,
				D729067620D1092E00A2C188 /* LaunchScreen.storyboard */,
				1FDD9DBB1A9A7CEE000BAFF0 /* Pods-VTAck App-acknowledgements.plist */,
				1FDD9DBD1A9A7D3F000BAFF0 /* Pods-acknowledgements.plist */,
				1FDD9DB71A9A7928000BAFF0 /* Images.xcassets */,
				1FDD9D7D1A9A757B000BAFF0 /* Supporting Files */,
			);
			name = "VTAck App";
			path = "VTAck Tests";
			sourceTree = "<group>";
		};
		1FDD9D7D1A9A757B000BAFF0 /* Supporting Files */ = {
			isa = PBXGroup;
			children = (
				1FDD9DAF1A9A767D000BAFF0 /* main.m */,
				1FDD9DB11A9A76C4000BAFF0 /* Info.plist */,
			);
			name = "Supporting Files";
			sourceTree = "<group>";
		};
		1FDD9D961A9A757B000BAFF0 /* VTAck Tests */ = {
			isa = PBXGroup;
			children = (
				146BC0ED1C11E98C008D3C23 /* VTAcknowledgementTests.m */,
				148FE77F1C10483600228898 /* VTAcknowledgementsParserTests.m */,
				1FDD9DB91A9A7B9A000BAFF0 /* VTAcknowledgementsViewControllerTests.m */,
				1F6CD01A1A9BB139002D28DC /* VTAcknowledgementViewControllerTests.m */,
				D7A2E4DC214909EE0010F801 /* Resources */,
				1FDD9D971A9A757B000BAFF0 /* Supporting Files */,
			);
			path = "VTAck Tests";
			sourceTree = "<group>";
		};
		1FDD9D971A9A757B000BAFF0 /* Supporting Files */ = {
			isa = PBXGroup;
			children = (
				1FDD9DB31A9A76D1000BAFF0 /* Info.plist */,
			);
			name = "Supporting Files";
			sourceTree = "<group>";
		};
		6FB847954BFF52A38F97CDF6 /* Frameworks */ = {
			isa = PBXGroup;
			children = (
				CD9B9EB96C6CC53C6DC4AB43 /* libPods-VTAck App.a */,
				3943CA5413122C5F4F21B1EF /* libPods-VTAck Tests.a */,
				8417B7157DE967556F6EDA4A /* libPods-VTAck TV App.a */,
			);
			name = Frameworks;
			sourceTree = "<group>";
		};
		D779DC421E5D88F6006D91C9 /* VTAck TV App */ = {
			isa = PBXGroup;
			children = (
				D779DC461E5D88F6006D91C9 /* AppDelegate.h */,
				D779DC471E5D88F6006D91C9 /* AppDelegate.m */,
				D779DC491E5D88F6006D91C9 /* ViewController.h */,
				D779DC4A1E5D88F6006D91C9 /* ViewController.m */,
				D779DC4C1E5D88F6006D91C9 /* Main.storyboard */,
				D779DC4F1E5D88F6006D91C9 /* Assets.xcassets */,
				D779DC511E5D88F6006D91C9 /* Info.plist */,
				D779DC431E5D88F6006D91C9 /* Supporting Files */,
			);
			path = "VTAck TV App";
			sourceTree = "<group>";
		};
		D779DC431E5D88F6006D91C9 /* Supporting Files */ = {
			isa = PBXGroup;
			children = (
				D779DC441E5D88F6006D91C9 /* main.m */,
			);
			name = "Supporting Files";
			sourceTree = "<group>";
		};
		D7A2E4DC214909EE0010F801 /* Resources */ = {
			isa = PBXGroup;
			children = (
				D7A2E4DA214909940010F801 /* Pods-acknowledgements-LineBreakFilterTesting.plist */,
				D7A2E4DF21490A540010F801 /* LineBreakFilterTesting-GroundTruth-Alamofire.txt */,
				D7A2E4DE21490A540010F801 /* LineBreakFilterTesting-GroundTruth-Charts.txt */,
				D7A2E4E021490A540010F801 /* LineBreakFilterTesting-GroundTruth-pop.txt */,
				D7A2E4E121490A540010F801 /* LineBreakFilterTesting-GroundTruth-TPKeyboardAvoiding.txt */,
				D7A2E4DD21490A540010F801 /* LineBreakFilterTesting-GroundTruth-TYPFontAwesome.txt */,
			);
			name = Resources;
			sourceTree = "<group>";
		};
/* End PBXGroup section */

/* Begin PBXNativeTarget section */
		1FDD9D791A9A757A000BAFF0 /* VTAck App */ = {
			isa = PBXNativeTarget;
			buildConfigurationList = 1FDD9D9D1A9A757B000BAFF0 /* Build configuration list for PBXNativeTarget "VTAck App" */;
			buildPhases = (
				6FE768C502131F1146D31701 /* [CP] Check Pods Manifest.lock */,
				1FDD9D761A9A757A000BAFF0 /* Sources */,
				1FDD9D771A9A757A000BAFF0 /* Frameworks */,
				1FDD9D781A9A757A000BAFF0 /* Resources */,
				E43555AE255952008F3B2D0E /* [CP] Copy Pods Resources */,
			);
			buildRules = (
			);
			dependencies = (
			);
			name = "VTAck App";
			productName = "VTAck Tests";
			productReference = 1FDD9D7A1A9A757B000BAFF0 /* VTAck App.app */;
			productType = "com.apple.product-type.application";
		};
		1FDD9D921A9A757B000BAFF0 /* VTAck Tests */ = {
			isa = PBXNativeTarget;
			buildConfigurationList = 1FDD9DA01A9A757B000BAFF0 /* Build configuration list for PBXNativeTarget "VTAck Tests" */;
			buildPhases = (
				2574779AE3D724E1AEBBA764 /* [CP] Check Pods Manifest.lock */,
				1FDD9D8F1A9A757B000BAFF0 /* Sources */,
				1FDD9D901A9A757B000BAFF0 /* Frameworks */,
				1FDD9D911A9A757B000BAFF0 /* Resources */,
				6ACB69C16B3F875163B419C1 /* [CP] Copy Pods Resources */,
			);
			buildRules = (
			);
			dependencies = (
				1FDD9D951A9A757B000BAFF0 /* PBXTargetDependency */,
			);
			name = "VTAck Tests";
			productName = "VTAck TestsTests";
			productReference = 1FDD9D931A9A757B000BAFF0 /* VTAck Tests.xctest */;
			productType = "com.apple.product-type.bundle.unit-test";
		};
		D779DC401E5D88F6006D91C9 /* VTAck TV App */ = {
			isa = PBXNativeTarget;
			buildConfigurationList = D779DC541E5D88F6006D91C9 /* Build configuration list for PBXNativeTarget "VTAck TV App" */;
			buildPhases = (
				C3B75053E4398FE5E70EADC5 /* [CP] Check Pods Manifest.lock */,
				D779DC3D1E5D88F6006D91C9 /* Sources */,
				D779DC3E1E5D88F6006D91C9 /* Frameworks */,
				D779DC3F1E5D88F6006D91C9 /* Resources */,
				6B7BEA0EA73043F18B63E722 /* [CP] Copy Pods Resources */,
			);
			buildRules = (
			);
			dependencies = (
			);
			name = "VTAck TV App";
			productName = "VTAck TV App";
			productReference = D779DC411E5D88F6006D91C9 /* VTAck TV App.app */;
			productType = "com.apple.product-type.application";
		};
/* End PBXNativeTarget section */

/* Begin PBXProject section */
		1FDD9D721A9A757A000BAFF0 /* Project object */ = {
			isa = PBXProject;
			attributes = {
				LastUpgradeCheck = 0940;
				ORGANIZATIONNAME = "Vincent Tourraine";
				TargetAttributes = {
					1FDD9D791A9A757A000BAFF0 = {
						CreatedOnToolsVersion = 6.1.1;
					};
					1FDD9D921A9A757B000BAFF0 = {
						CreatedOnToolsVersion = 6.1.1;
						TestTargetID = 1FDD9D791A9A757A000BAFF0;
					};
					D779DC401E5D88F6006D91C9 = {
						CreatedOnToolsVersion = 8.2.1;
						ProvisioningStyle = Automatic;
					};
				};
			};
			buildConfigurationList = 1FDD9D751A9A757A000BAFF0 /* Build configuration list for PBXProject "VTAck Tests" */;
			compatibilityVersion = "Xcode 3.2";
			developmentRegion = English;
			hasScannedForEncodings = 0;
			knownRegions = (
				en,
				Base,
			);
			mainGroup = 1FDD9D711A9A757A000BAFF0;
			productRefGroup = 1FDD9D7B1A9A757B000BAFF0 /* Products */;
			projectDirPath = "";
			projectRoot = "";
			targets = (
				1FDD9D791A9A757A000BAFF0 /* VTAck App */,
				1FDD9D921A9A757B000BAFF0 /* VTAck Tests */,
				D779DC401E5D88F6006D91C9 /* VTAck TV App */,
			);
		};
/* End PBXProject section */

/* Begin PBXResourcesBuildPhase section */
		1FDD9D781A9A757A000BAFF0 /* Resources */ = {
			isa = PBXResourcesBuildPhase;
			buildActionMask = 2147483647;
			files = (
				1FDD9DB81A9A7928000BAFF0 /* Images.xcassets in Resources */,
				1FDD9DA81A9A766D000BAFF0 /* Main.storyboard in Resources */,
				1FDD9DBC1A9A7CEE000BAFF0 /* Pods-VTAck App-acknowledgements.plist in Resources */,
				D729067820D1092E00A2C188 /* LaunchScreen.storyboard in Resources */,
				1FDD9DBE1A9A7D3F000BAFF0 /* Pods-acknowledgements.plist in Resources */,
			);
			runOnlyForDeploymentPostprocessing = 0;
		};
		1FDD9D911A9A757B000BAFF0 /* Resources */ = {
			isa = PBXResourcesBuildPhase;
			buildActionMask = 2147483647;
			files = (
				D7A2E4E621490A540010F801 /* LineBreakFilterTesting-GroundTruth-TPKeyboardAvoiding.txt in Resources */,
				D7A2E4DB214909940010F801 /* Pods-acknowledgements-LineBreakFilterTesting.plist in Resources */,
				D7A2E4E321490A540010F801 /* LineBreakFilterTesting-GroundTruth-Charts.txt in Resources */,
				D7A2E4E221490A540010F801 /* LineBreakFilterTesting-GroundTruth-TYPFontAwesome.txt in Resources */,
				D7A2E4E421490A540010F801 /* LineBreakFilterTesting-GroundTruth-Alamofire.txt in Resources */,
				D7A2E4E521490A540010F801 /* LineBreakFilterTesting-GroundTruth-pop.txt in Resources */,
			);
			runOnlyForDeploymentPostprocessing = 0;
		};
		D779DC3F1E5D88F6006D91C9 /* Resources */ = {
			isa = PBXResourcesBuildPhase;
			buildActionMask = 2147483647;
			files = (
				D779DC501E5D88F6006D91C9 /* Assets.xcassets in Resources */,
				D779DC4E1E5D88F6006D91C9 /* Main.storyboard in Resources */,
				D779DC551E5D89C0006D91C9 /* Pods-VTAck App-acknowledgements.plist in Resources */,
			);
			runOnlyForDeploymentPostprocessing = 0;
		};
/* End PBXResourcesBuildPhase section */

/* Begin PBXShellScriptBuildPhase section */
		2574779AE3D724E1AEBBA764 /* [CP] Check Pods Manifest.lock */ = {
			isa = PBXShellScriptBuildPhase;
			buildActionMask = 2147483647;
			files = (
			);
			inputPaths = (
				"${PODS_PODFILE_DIR_PATH}/Podfile.lock",
				"${PODS_ROOT}/Manifest.lock",
			);
			name = "[CP] Check Pods Manifest.lock";
			outputPaths = (
				"$(DERIVED_FILE_DIR)/Pods-VTAck Tests-checkManifestLockResult.txt",
			);
			runOnlyForDeploymentPostprocessing = 0;
			shellPath = /bin/sh;
			shellScript = "diff \"${PODS_PODFILE_DIR_PATH}/Podfile.lock\" \"${PODS_ROOT}/Manifest.lock\" > /dev/null\nif [ $? != 0 ] ; then\n    # print error to STDERR\n    echo \"error: The sandbox is not in sync with the Podfile.lock. Run 'pod install' or update your CocoaPods installation.\" >&2\n    exit 1\nfi\n# This output is used by Xcode 'outputs' to avoid re-running this script phase.\necho \"SUCCESS\" > \"${SCRIPT_OUTPUT_FILE_0}\"\n";
			showEnvVarsInLog = 0;
		};
		6ACB69C16B3F875163B419C1 /* [CP] Copy Pods Resources */ = {
			isa = PBXShellScriptBuildPhase;
			buildActionMask = 2147483647;
			files = (
			);
			inputPaths = (
				"${SRCROOT}/Pods/Target Support Files/Pods-VTAck Tests/Pods-VTAck Tests-resources.sh",
				"${PODS_ROOT}/../../VTAcknowledgementsViewController.bundle",
			);
			name = "[CP] Copy Pods Resources";
			outputPaths = (
				"${TARGET_BUILD_DIR}/${UNLOCALIZED_RESOURCES_FOLDER_PATH}/VTAcknowledgementsViewController.bundle",
			);
			runOnlyForDeploymentPostprocessing = 0;
			shellPath = /bin/sh;
			shellScript = "\"${SRCROOT}/Pods/Target Support Files/Pods-VTAck Tests/Pods-VTAck Tests-resources.sh\"\n";
			showEnvVarsInLog = 0;
		};
		6B7BEA0EA73043F18B63E722 /* [CP] Copy Pods Resources */ = {
			isa = PBXShellScriptBuildPhase;
			buildActionMask = 2147483647;
			files = (
			);
			inputPaths = (
				"${SRCROOT}/Pods/Target Support Files/Pods-VTAck TV App/Pods-VTAck TV App-resources.sh",
				"${PODS_ROOT}/../../VTAcknowledgementsViewController.bundle",
			);
			name = "[CP] Copy Pods Resources";
			outputPaths = (
				"${TARGET_BUILD_DIR}/${UNLOCALIZED_RESOURCES_FOLDER_PATH}/VTAcknowledgementsViewController.bundle",
			);
			runOnlyForDeploymentPostprocessing = 0;
			shellPath = /bin/sh;
			shellScript = "\"${SRCROOT}/Pods/Target Support Files/Pods-VTAck TV App/Pods-VTAck TV App-resources.sh\"\n";
			showEnvVarsInLog = 0;
		};
		6FE768C502131F1146D31701 /* [CP] Check Pods Manifest.lock */ = {
			isa = PBXShellScriptBuildPhase;
			buildActionMask = 2147483647;
			files = (
			);
			inputPaths = (
				"${PODS_PODFILE_DIR_PATH}/Podfile.lock",
				"${PODS_ROOT}/Manifest.lock",
			);
			name = "[CP] Check Pods Manifest.lock";
			outputPaths = (
				"$(DERIVED_FILE_DIR)/Pods-VTAck App-checkManifestLockResult.txt",
			);
			runOnlyForDeploymentPostprocessing = 0;
			shellPath = /bin/sh;
			shellScript = "diff \"${PODS_PODFILE_DIR_PATH}/Podfile.lock\" \"${PODS_ROOT}/Manifest.lock\" > /dev/null\nif [ $? != 0 ] ; then\n    # print error to STDERR\n    echo \"error: The sandbox is not in sync with the Podfile.lock. Run 'pod install' or update your CocoaPods installation.\" >&2\n    exit 1\nfi\n# This output is used by Xcode 'outputs' to avoid re-running this script phase.\necho \"SUCCESS\" > \"${SCRIPT_OUTPUT_FILE_0}\"\n";
			showEnvVarsInLog = 0;
		};
		C3B75053E4398FE5E70EADC5 /* [CP] Check Pods Manifest.lock */ = {
			isa = PBXShellScriptBuildPhase;
			buildActionMask = 2147483647;
			files = (
			);
			inputPaths = (
				"${PODS_PODFILE_DIR_PATH}/Podfile.lock",
				"${PODS_ROOT}/Manifest.lock",
			);
			name = "[CP] Check Pods Manifest.lock";
			outputPaths = (
				"$(DERIVED_FILE_DIR)/Pods-VTAck TV App-checkManifestLockResult.txt",
			);
			runOnlyForDeploymentPostprocessing = 0;
			shellPath = /bin/sh;
			shellScript = "diff \"${PODS_PODFILE_DIR_PATH}/Podfile.lock\" \"${PODS_ROOT}/Manifest.lock\" > /dev/null\nif [ $? != 0 ] ; then\n    # print error to STDERR\n    echo \"error: The sandbox is not in sync with the Podfile.lock. Run 'pod install' or update your CocoaPods installation.\" >&2\n    exit 1\nfi\n# This output is used by Xcode 'outputs' to avoid re-running this script phase.\necho \"SUCCESS\" > \"${SCRIPT_OUTPUT_FILE_0}\"\n";
			showEnvVarsInLog = 0;
		};
		E43555AE255952008F3B2D0E /* [CP] Copy Pods Resources */ = {
			isa = PBXShellScriptBuildPhase;
			buildActionMask = 2147483647;
			files = (
			);
			inputPaths = (
				"${SRCROOT}/Pods/Target Support Files/Pods-VTAck App/Pods-VTAck App-resources.sh",
				"${PODS_ROOT}/../../VTAcknowledgementsViewController.bundle",
			);
			name = "[CP] Copy Pods Resources";
			outputPaths = (
				"${TARGET_BUILD_DIR}/${UNLOCALIZED_RESOURCES_FOLDER_PATH}/VTAcknowledgementsViewController.bundle",
			);
			runOnlyForDeploymentPostprocessing = 0;
			shellPath = /bin/sh;
			shellScript = "\"${SRCROOT}/Pods/Target Support Files/Pods-VTAck App/Pods-VTAck App-resources.sh\"\n";
			showEnvVarsInLog = 0;
		};
/* End PBXShellScriptBuildPhase section */

/* Begin PBXSourcesBuildPhase section */
		1FDD9D761A9A757A000BAFF0 /* Sources */ = {
			isa = PBXSourcesBuildPhase;
			buildActionMask = 2147483647;
			files = (
				1FDD9DAE1A9A7674000BAFF0 /* ViewController.m in Sources */,
				1FDD9DB01A9A767D000BAFF0 /* main.m in Sources */,
				1FDD9DAD1A9A7674000BAFF0 /* AppDelegate.m in Sources */,
			);
			runOnlyForDeploymentPostprocessing = 0;
		};
		1FDD9D8F1A9A757B000BAFF0 /* Sources */ = {
			isa = PBXSourcesBuildPhase;
			buildActionMask = 2147483647;
			files = (
				146BC0EE1C11E98D008D3C23 /* VTAcknowledgementTests.m in Sources */,
				1FDD9DBA1A9A7B9A000BAFF0 /* VTAcknowledgementsViewControllerTests.m in Sources */,
				1F6CD01B1A9BB139002D28DC /* VTAcknowledgementViewControllerTests.m in Sources */,
				148FE7801C10483600228898 /* VTAcknowledgementsParserTests.m in Sources */,
			);
			runOnlyForDeploymentPostprocessing = 0;
		};
		D779DC3D1E5D88F6006D91C9 /* Sources */ = {
			isa = PBXSourcesBuildPhase;
			buildActionMask = 2147483647;
			files = (
				D779DC4B1E5D88F6006D91C9 /* ViewController.m in Sources */,
				D779DC481E5D88F6006D91C9 /* AppDelegate.m in Sources */,
				D779DC451E5D88F6006D91C9 /* main.m in Sources */,
			);
			runOnlyForDeploymentPostprocessing = 0;
		};
/* End PBXSourcesBuildPhase section */

/* Begin PBXTargetDependency section */
		1FDD9D951A9A757B000BAFF0 /* PBXTargetDependency */ = {
			isa = PBXTargetDependency;
			target = 1FDD9D791A9A757A000BAFF0 /* VTAck App */;
			targetProxy = 1FDD9D941A9A757B000BAFF0 /* PBXContainerItemProxy */;
		};
/* End PBXTargetDependency section */

/* Begin PBXVariantGroup section */
		1FDD9DA51A9A766D000BAFF0 /* Main.storyboard */ = {
			isa = PBXVariantGroup;
			children = (
				1FDD9DA61A9A766D000BAFF0 /* Base */,
			);
			name = Main.storyboard;
			sourceTree = "<group>";
		};
		D729067620D1092E00A2C188 /* LaunchScreen.storyboard */ = {
			isa = PBXVariantGroup;
			children = (
				D729067720D1092E00A2C188 /* Base */,
			);
			name = LaunchScreen.storyboard;
			sourceTree = "<group>";
		};
		D779DC4C1E5D88F6006D91C9 /* Main.storyboard */ = {
			isa = PBXVariantGroup;
			children = (
				D779DC4D1E5D88F6006D91C9 /* Base */,
			);
			name = Main.storyboard;
			sourceTree = "<group>";
		};
/* End PBXVariantGroup section */

/* Begin XCBuildConfiguration section */
		1FDD9D9B1A9A757B000BAFF0 /* Debug */ = {
			isa = XCBuildConfiguration;
			buildSettings = {
				ALWAYS_SEARCH_USER_PATHS = NO;
				CLANG_CXX_LANGUAGE_STANDARD = "gnu++0x";
				CLANG_CXX_LIBRARY = "libc++";
				CLANG_ENABLE_MODULES = YES;
				CLANG_ENABLE_OBJC_ARC = YES;
				CLANG_WARN_BLOCK_CAPTURE_AUTORELEASING = YES;
				CLANG_WARN_BOOL_CONVERSION = YES;
				CLANG_WARN_COMMA = YES;
				CLANG_WARN_CONSTANT_CONVERSION = YES;
				CLANG_WARN_DEPRECATED_OBJC_IMPLEMENTATIONS = YES;
				CLANG_WARN_DIRECT_OBJC_ISA_USAGE = YES_ERROR;
				CLANG_WARN_EMPTY_BODY = YES;
				CLANG_WARN_ENUM_CONVERSION = YES;
				CLANG_WARN_INFINITE_RECURSION = YES;
				CLANG_WARN_INT_CONVERSION = YES;
				CLANG_WARN_NON_LITERAL_NULL_CONVERSION = YES;
				CLANG_WARN_OBJC_IMPLICIT_RETAIN_SELF = YES;
				CLANG_WARN_OBJC_LITERAL_CONVERSION = YES;
				CLANG_WARN_OBJC_ROOT_CLASS = YES_ERROR;
				CLANG_WARN_RANGE_LOOP_ANALYSIS = YES;
				CLANG_WARN_STRICT_PROTOTYPES = YES;
				CLANG_WARN_SUSPICIOUS_MOVE = YES;
				CLANG_WARN_UNREACHABLE_CODE = YES;
				CLANG_WARN__DUPLICATE_METHOD_MATCH = YES;
				COPY_PHASE_STRIP = NO;
				ENABLE_STRICT_OBJC_MSGSEND = YES;
				ENABLE_TESTABILITY = YES;
				GCC_C_LANGUAGE_STANDARD = gnu99;
				GCC_DYNAMIC_NO_PIC = NO;
				GCC_NO_COMMON_BLOCKS = YES;
				GCC_OPTIMIZATION_LEVEL = 0;
				GCC_PREPROCESSOR_DEFINITIONS = (
					"DEBUG=1",
					"$(inherited)",
				);
				GCC_SYMBOLS_PRIVATE_EXTERN = NO;
				GCC_WARN_64_TO_32_BIT_CONVERSION = YES;
				GCC_WARN_ABOUT_RETURN_TYPE = YES_ERROR;
				GCC_WARN_UNDECLARED_SELECTOR = YES;
				GCC_WARN_UNINITIALIZED_AUTOS = YES_AGGRESSIVE;
				GCC_WARN_UNUSED_FUNCTION = YES;
				GCC_WARN_UNUSED_VARIABLE = YES;
				IPHONEOS_DEPLOYMENT_TARGET = 8.0;
				MTL_ENABLE_DEBUG_INFO = YES;
				ONLY_ACTIVE_ARCH = YES;
				SDKROOT = iphoneos;
			};
			name = Debug;
		};
		1FDD9D9C1A9A757B000BAFF0 /* Release */ = {
			isa = XCBuildConfiguration;
			buildSettings = {
				ALWAYS_SEARCH_USER_PATHS = NO;
				CLANG_CXX_LANGUAGE_STANDARD = "gnu++0x";
				CLANG_CXX_LIBRARY = "libc++";
				CLANG_ENABLE_MODULES = YES;
				CLANG_ENABLE_OBJC_ARC = YES;
				CLANG_WARN_BLOCK_CAPTURE_AUTORELEASING = YES;
				CLANG_WARN_BOOL_CONVERSION = YES;
				CLANG_WARN_COMMA = YES;
				CLANG_WARN_CONSTANT_CONVERSION = YES;
				CLANG_WARN_DEPRECATED_OBJC_IMPLEMENTATIONS = YES;
				CLANG_WARN_DIRECT_OBJC_ISA_USAGE = YES_ERROR;
				CLANG_WARN_EMPTY_BODY = YES;
				CLANG_WARN_ENUM_CONVERSION = YES;
				CLANG_WARN_INFINITE_RECURSION = YES;
				CLANG_WARN_INT_CONVERSION = YES;
				CLANG_WARN_NON_LITERAL_NULL_CONVERSION = YES;
				CLANG_WARN_OBJC_IMPLICIT_RETAIN_SELF = YES;
				CLANG_WARN_OBJC_LITERAL_CONVERSION = YES;
				CLANG_WARN_OBJC_ROOT_CLASS = YES_ERROR;
				CLANG_WARN_RANGE_LOOP_ANALYSIS = YES;
				CLANG_WARN_STRICT_PROTOTYPES = YES;
				CLANG_WARN_SUSPICIOUS_MOVE = YES;
				CLANG_WARN_UNREACHABLE_CODE = YES;
				CLANG_WARN__DUPLICATE_METHOD_MATCH = YES;
				COPY_PHASE_STRIP = YES;
				ENABLE_NS_ASSERTIONS = NO;
				ENABLE_STRICT_OBJC_MSGSEND = YES;
				GCC_C_LANGUAGE_STANDARD = gnu99;
				GCC_NO_COMMON_BLOCKS = YES;
				GCC_WARN_64_TO_32_BIT_CONVERSION = YES;
				GCC_WARN_ABOUT_RETURN_TYPE = YES_ERROR;
				GCC_WARN_UNDECLARED_SELECTOR = YES;
				GCC_WARN_UNINITIALIZED_AUTOS = YES_AGGRESSIVE;
				GCC_WARN_UNUSED_FUNCTION = YES;
				GCC_WARN_UNUSED_VARIABLE = YES;
				IPHONEOS_DEPLOYMENT_TARGET = 8.0;
				MTL_ENABLE_DEBUG_INFO = NO;
				SDKROOT = iphoneos;
				VALIDATE_PRODUCT = YES;
			};
			name = Release;
		};
		1FDD9D9E1A9A757B000BAFF0 /* Debug */ = {
			isa = XCBuildConfiguration;
			baseConfigurationReference = 1BB90C392D46F6E768450F07 /* Pods-VTAck App.debug.xcconfig */;
			buildSettings = {
				ASSETCATALOG_COMPILER_APPICON_NAME = AppIcon;
				ASSETCATALOG_WARNINGS = NO;
				CODE_SIGN_IDENTITY = "iPhone Developer";
				INFOPLIST_FILE = "VTAck App/Info.plist";
				LD_RUNPATH_SEARCH_PATHS = "$(inherited) @executable_path/Frameworks";
				PRODUCT_BUNDLE_IDENTIFIER = "net.vtourraine.$(PRODUCT_NAME:rfc1034identifier)";
				PRODUCT_NAME = "$(TARGET_NAME)";
				TARGETED_DEVICE_FAMILY = "1,2";
			};
			name = Debug;
		};
		1FDD9D9F1A9A757B000BAFF0 /* Release */ = {
			isa = XCBuildConfiguration;
			baseConfigurationReference = 969B698AF5490D7F9D095AB0 /* Pods-VTAck App.release.xcconfig */;
			buildSettings = {
				ASSETCATALOG_COMPILER_APPICON_NAME = AppIcon;
				ASSETCATALOG_WARNINGS = NO;
				CODE_SIGN_IDENTITY = "iPhone Developer";
				INFOPLIST_FILE = "VTAck App/Info.plist";
				LD_RUNPATH_SEARCH_PATHS = "$(inherited) @executable_path/Frameworks";
				PRODUCT_BUNDLE_IDENTIFIER = "net.vtourraine.$(PRODUCT_NAME:rfc1034identifier)";
				PRODUCT_NAME = "$(TARGET_NAME)";
				TARGETED_DEVICE_FAMILY = "1,2";
			};
			name = Release;
		};
		1FDD9DA11A9A757B000BAFF0 /* Debug */ = {
			isa = XCBuildConfiguration;
			baseConfigurationReference = D50855E43BB804DA4A56444E /* Pods-VTAck Tests.debug.xcconfig */;
			buildSettings = {
				BUNDLE_LOADER = "$(TEST_HOST)";
				FRAMEWORK_SEARCH_PATHS = "$(inherited)";
				GCC_PREPROCESSOR_DEFINITIONS = (
					"DEBUG=1",
					"$(inherited)",
				);
				INFOPLIST_FILE = "VTAck Tests/Info.plist";
				LD_RUNPATH_SEARCH_PATHS = "$(inherited)";
				PRODUCT_BUNDLE_IDENTIFIER = "net.vtourraine.$(PRODUCT_NAME:rfc1034identifier)";
				PRODUCT_NAME = "$(TARGET_NAME)";
				TEST_HOST = "$(BUILT_PRODUCTS_DIR)/VTAck App.app/VTAck App";
			};
			name = Debug;
		};
		1FDD9DA21A9A757B000BAFF0 /* Release */ = {
			isa = XCBuildConfiguration;
			baseConfigurationReference = 36F7D048A9F4B71701C7DE13 /* Pods-VTAck Tests.release.xcconfig */;
			buildSettings = {
				BUNDLE_LOADER = "$(TEST_HOST)";
				FRAMEWORK_SEARCH_PATHS = "$(inherited)";
				INFOPLIST_FILE = "VTAck Tests/Info.plist";
				LD_RUNPATH_SEARCH_PATHS = "$(inherited)";
				PRODUCT_BUNDLE_IDENTIFIER = "net.vtourraine.$(PRODUCT_NAME:rfc1034identifier)";
				PRODUCT_NAME = "$(TARGET_NAME)";
				TEST_HOST = "$(BUILT_PRODUCTS_DIR)/VTAck App.app/VTAck App";
			};
			name = Release;
		};
		D779DC521E5D88F6006D91C9 /* Debug */ = {
			isa = XCBuildConfiguration;
			baseConfigurationReference = EA3DDFED8AE99F39E24A335F /* Pods-VTAck TV App.debug.xcconfig */;
			buildSettings = {
				ASSETCATALOG_COMPILER_APPICON_NAME = "App Icon & Top Shelf Image";
				ASSETCATALOG_COMPILER_LAUNCHIMAGE_NAME = LaunchImage;
				CLANG_ANALYZER_NONNULL = YES;
				CLANG_WARN_DOCUMENTATION_COMMENTS = YES;
				DEBUG_INFORMATION_FORMAT = dwarf;
				INFOPLIST_FILE = "VTAck TV App/Info.plist";
				LD_RUNPATH_SEARCH_PATHS = "$(inherited) @executable_path/Frameworks";
				PRODUCT_BUNDLE_IDENTIFIER = "com.studioamanga.VTAck-TV-App";
				PRODUCT_NAME = "$(TARGET_NAME)";
				SDKROOT = appletvos;
				TARGETED_DEVICE_FAMILY = 3;
				TVOS_DEPLOYMENT_TARGET = 9.0;
			};
			name = Debug;
		};
		D779DC531E5D88F6006D91C9 /* Release */ = {
			isa = XCBuildConfiguration;
			baseConfigurationReference = DAC74A064F3D61D20EDED115 /* Pods-VTAck TV App.release.xcconfig */;
			buildSettings = {
				ASSETCATALOG_COMPILER_APPICON_NAME = "App Icon & Top Shelf Image";
				ASSETCATALOG_COMPILER_LAUNCHIMAGE_NAME = LaunchImage;
				CLANG_ANALYZER_NONNULL = YES;
				CLANG_WARN_DOCUMENTATION_COMMENTS = YES;
				COPY_PHASE_STRIP = NO;
				DEBUG_INFORMATION_FORMAT = "dwarf-with-dsym";
				INFOPLIST_FILE = "VTAck TV App/Info.plist";
				LD_RUNPATH_SEARCH_PATHS = "$(inherited) @executable_path/Frameworks";
				PRODUCT_BUNDLE_IDENTIFIER = "com.studioamanga.VTAck-TV-App";
				PRODUCT_NAME = "$(TARGET_NAME)";
				SDKROOT = appletvos;
				TARGETED_DEVICE_FAMILY = 3;
				TVOS_DEPLOYMENT_TARGET = 9.0;
			};
			name = Release;
		};
/* End XCBuildConfiguration section */

/* Begin XCConfigurationList section */
		1FDD9D751A9A757A000BAFF0 /* Build configuration list for PBXProject "VTAck Tests" */ = {
			isa = XCConfigurationList;
			buildConfigurations = (
				1FDD9D9B1A9A757B000BAFF0 /* Debug */,
				1FDD9D9C1A9A757B000BAFF0 /* Release */,
			);
			defaultConfigurationIsVisible = 0;
			defaultConfigurationName = Release;
		};
		1FDD9D9D1A9A757B000BAFF0 /* Build configuration list for PBXNativeTarget "VTAck App" */ = {
			isa = XCConfigurationList;
			buildConfigurations = (
				1FDD9D9E1A9A757B000BAFF0 /* Debug */,
				1FDD9D9F1A9A757B000BAFF0 /* Release */,
			);
			defaultConfigurationIsVisible = 0;
			defaultConfigurationName = Release;
		};
		1FDD9DA01A9A757B000BAFF0 /* Build configuration list for PBXNativeTarget "VTAck Tests" */ = {
			isa = XCConfigurationList;
			buildConfigurations = (
				1FDD9DA11A9A757B000BAFF0 /* Debug */,
				1FDD9DA21A9A757B000BAFF0 /* Release */,
			);
			defaultConfigurationIsVisible = 0;
			defaultConfigurationName = Release;
		};
		D779DC541E5D88F6006D91C9 /* Build configuration list for PBXNativeTarget "VTAck TV App" */ = {
			isa = XCConfigurationList;
			buildConfigurations = (
				D779DC521E5D88F6006D91C9 /* Debug */,
				D779DC531E5D88F6006D91C9 /* Release */,
			);
			defaultConfigurationIsVisible = 0;
			defaultConfigurationName = Release;
		};
/* End XCConfigurationList section */
	};
	rootObject = 1FDD9D721A9A757A000BAFF0 /* Project object */;
}
